// !$*UTF8*$!
{
	archiveVersion = 1;
	classes = {
	};
	objectVersion = 56;
	objects = {

/* Begin PBXBuildFile section */
		A22C49BE2A8A59B600873016 /* AppDelegate.swift in Sources */ = {isa = PBXBuildFile; fileRef = A22C49BD2A8A59B600873016 /* AppDelegate.swift */; };
		A22C49C02A8A59B600873016 /* SceneDelegate.swift in Sources */ = {isa = PBXBuildFile; fileRef = A22C49BF2A8A59B600873016 /* SceneDelegate.swift */; };
		A22C49C22A8A59B600873016 /* ViewController.swift in Sources */ = {isa = PBXBuildFile; fileRef = A22C49C12A8A59B600873016 /* ViewController.swift */; };
		A22C49C52A8A59B600873016 /* Main.storyboard in Resources */ = {isa = PBXBuildFile; fileRef = A22C49C32A8A59B600873016 /* Main.storyboard */; };
		A22C49C72A8A59BA00873016 /* Assets.xcassets in Resources */ = {isa = PBXBuildFile; fileRef = A22C49C62A8A59BA00873016 /* Assets.xcassets */; };
		A22C49CA2A8A59BA00873016 /* LaunchScreen.storyboard in Resources */ = {isa = PBXBuildFile; fileRef = A22C49C82A8A59BA00873016 /* LaunchScreen.storyboard */; };
		A2FDA2992A8CE6E20052B5B0 /* CoreView.swift in Sources */ = {isa = PBXBuildFile; fileRef = A2FDA2982A8CE6E20052B5B0 /* CoreView.swift */; };
		A2FDA29B2A8CE6FD0052B5B0 /* FoodDetailView.swift in Sources */ = {isa = PBXBuildFile; fileRef = A2FDA29A2A8CE6FD0052B5B0 /* FoodDetailView.swift */; };
		A2FDA29D2A8D232F0052B5B0 /* FoodDetailViewController.swift in Sources */ = {isa = PBXBuildFile; fileRef = A2FDA29C2A8D232F0052B5B0 /* FoodDetailViewController.swift */; };
		A2FDA2A12A8D240D0052B5B0 /* RestaurantTableViewController.swift in Sources */ = {isa = PBXBuildFile; fileRef = A2FDA2A02A8D240D0052B5B0 /* RestaurantTableViewController.swift */; };
		A2FDA2A32A8D24880052B5B0 /* RestaurantTableViewCell.swift in Sources */ = {isa = PBXBuildFile; fileRef = A2FDA2A22A8D24880052B5B0 /* RestaurantTableViewCell.swift */; };
		A2FDA2A72A8D25A10052B5B0 /* LocationView.swift in Sources */ = {isa = PBXBuildFile; fileRef = A2FDA2A62A8D25A10052B5B0 /* LocationView.swift */; };
		A2FDA2A92A8D26A40052B5B0 /* LocationViewController.swift in Sources */ = {isa = PBXBuildFile; fileRef = A2FDA2A82A8D26A40052B5B0 /* LocationViewController.swift */; };
		A2FDA2AE2A8E24B60052B5B0 /* LocationService.swift in Sources */ = {isa = PBXBuildFile; fileRef = A2FDA2AD2A8E24B60052B5B0 /* LocationService.swift */; };
/* End PBXBuildFile section */

/* Begin PBXFileReference section */
		A22C49BA2A8A59B600873016 /* RestaurantFinder.app */ = {isa = PBXFileReference; explicitFileType = wrapper.application; includeInIndex = 0; path = RestaurantFinder.app; sourceTree = BUILT_PRODUCTS_DIR; };
		A22C49BD2A8A59B600873016 /* AppDelegate.swift */ = {isa = PBXFileReference; lastKnownFileType = sourcecode.swift; path = AppDelegate.swift; sourceTree = "<group>"; };
		A22C49BF2A8A59B600873016 /* SceneDelegate.swift */ = {isa = PBXFileReference; lastKnownFileType = sourcecode.swift; path = SceneDelegate.swift; sourceTree = "<group>"; };
		A22C49C12A8A59B600873016 /* ViewController.swift */ = {isa = PBXFileReference; lastKnownFileType = sourcecode.swift; path = ViewController.swift; sourceTree = "<group>"; };
		A22C49C42A8A59B600873016 /* Base */ = {isa = PBXFileReference; lastKnownFileType = file.storyboard; name = Base; path = Base.lproj/Main.storyboard; sourceTree = "<group>"; };
		A22C49C62A8A59BA00873016 /* Assets.xcassets */ = {isa = PBXFileReference; lastKnownFileType = folder.assetcatalog; path = Assets.xcassets; sourceTree = "<group>"; };
		A22C49C92A8A59BA00873016 /* Base */ = {isa = PBXFileReference; lastKnownFileType = file.storyboard; name = Base; path = Base.lproj/LaunchScreen.storyboard; sourceTree = "<group>"; };
		A22C49CB2A8A59BA00873016 /* Info.plist */ = {isa = PBXFileReference; lastKnownFileType = text.plist.xml; path = Info.plist; sourceTree = "<group>"; };
		A2FDA2982A8CE6E20052B5B0 /* CoreView.swift */ = {isa = PBXFileReference; lastKnownFileType = sourcecode.swift; path = CoreView.swift; sourceTree = "<group>"; };
		A2FDA29A2A8CE6FD0052B5B0 /* FoodDetailView.swift */ = {isa = PBXFileReference; lastKnownFileType = sourcecode.swift; path = FoodDetailView.swift; sourceTree = "<group>"; };
		A2FDA29C2A8D232F0052B5B0 /* FoodDetailViewController.swift */ = {isa = PBXFileReference; lastKnownFileType = sourcecode.swift; path = FoodDetailViewController.swift; sourceTree = "<group>"; };
		A2FDA2A02A8D240D0052B5B0 /* RestaurantTableViewController.swift */ = {isa = PBXFileReference; lastKnownFileType = sourcecode.swift; path = RestaurantTableViewController.swift; sourceTree = "<group>"; };
		A2FDA2A22A8D24880052B5B0 /* RestaurantTableViewCell.swift */ = {isa = PBXFileReference; lastKnownFileType = sourcecode.swift; path = RestaurantTableViewCell.swift; sourceTree = "<group>"; };
		A2FDA2A62A8D25A10052B5B0 /* LocationView.swift */ = {isa = PBXFileReference; lastKnownFileType = sourcecode.swift; path = LocationView.swift; sourceTree = "<group>"; };
		A2FDA2A82A8D26A40052B5B0 /* LocationViewController.swift */ = {isa = PBXFileReference; lastKnownFileType = sourcecode.swift; path = LocationViewController.swift; sourceTree = "<group>"; };
		A2FDA2AD2A8E24B60052B5B0 /* LocationService.swift */ = {isa = PBXFileReference; lastKnownFileType = sourcecode.swift; path = LocationService.swift; sourceTree = "<group>"; };
/* End PBXFileReference section */

/* Begin PBXFrameworksBuildPhase section */
		A22C49B72A8A59B600873016 /* Frameworks */ = {
			isa = PBXFrameworksBuildPhase;
			buildActionMask = 2147483647;
			files = (
			);
			runOnlyForDeploymentPostprocessing = 0;
		};
/* End PBXFrameworksBuildPhase section */

/* Begin PBXGroup section */
		A22C49B12A8A59B600873016 = {
			isa = PBXGroup;
			children = (
				A22C49BC2A8A59B600873016 /* RestaurantFinder */,
				A22C49BB2A8A59B600873016 /* Products */,
			);
			sourceTree = "<group>";
		};
		A22C49BB2A8A59B600873016 /* Products */ = {
			isa = PBXGroup;
			children = (
				A22C49BA2A8A59B600873016 /* RestaurantFinder.app */,
			);
			name = Products;
			sourceTree = "<group>";
		};
		A22C49BC2A8A59B600873016 /* RestaurantFinder */ = {
			isa = PBXGroup;
			children = (
				A2FDA2AB2A8E24810052B5B0 /* Services */,
				A2FDA2952A8CE6A60052B5B0 /* Pages */,
				A22C49BD2A8A59B600873016 /* AppDelegate.swift */,
				A22C49BF2A8A59B600873016 /* SceneDelegate.swift */,
				A22C49C12A8A59B600873016 /* ViewController.swift */,
				A22C49C32A8A59B600873016 /* Main.storyboard */,
				A22C49C62A8A59BA00873016 /* Assets.xcassets */,
				A22C49C82A8A59BA00873016 /* LaunchScreen.storyboard */,
				A22C49CB2A8A59BA00873016 /* Info.plist */,
			);
			path = RestaurantFinder;
			sourceTree = "<group>";
		};
		A2FDA2952A8CE6A60052B5B0 /* Pages */ = {
			isa = PBXGroup;
			children = (
				A2FDA2A42A8D25680052B5B0 /* Location */,
				A2FDA29E2A8D23AB0052B5B0 /* RestaurantList */,
				A2FDA2962A8CE6B90052B5B0 /* Detail */,
			);
			path = Pages;
			sourceTree = "<group>";
		};
		A2FDA2962A8CE6B90052B5B0 /* Detail */ = {
			isa = PBXGroup;
			children = (
				A2FDA2972A8CE6C70052B5B0 /* View */,
				A2FDA29C2A8D232F0052B5B0 /* FoodDetailViewController.swift */,
			);
			path = Detail;
			sourceTree = "<group>";
		};
		A2FDA2972A8CE6C70052B5B0 /* View */ = {
			isa = PBXGroup;
			children = (
				A2FDA2982A8CE6E20052B5B0 /* CoreView.swift */,
				A2FDA29A2A8CE6FD0052B5B0 /* FoodDetailView.swift */,
			);
			path = View;
			sourceTree = "<group>";
		};
		A2FDA29E2A8D23AB0052B5B0 /* RestaurantList */ = {
			isa = PBXGroup;
			children = (
				A2FDA29F2A8D23BA0052B5B0 /* View */,
				A2FDA2A02A8D240D0052B5B0 /* RestaurantTableViewController.swift */,
			);
			path = RestaurantList;
			sourceTree = "<group>";
		};
		A2FDA29F2A8D23BA0052B5B0 /* View */ = {
			isa = PBXGroup;
			children = (
				A2FDA2A22A8D24880052B5B0 /* RestaurantTableViewCell.swift */,
			);
			path = View;
			sourceTree = "<group>";
		};
		A2FDA2A42A8D25680052B5B0 /* Location */ = {
			isa = PBXGroup;
			children = (
				A2FDA2A52A8D25730052B5B0 /* View */,
				A2FDA2A82A8D26A40052B5B0 /* LocationViewController.swift */,
			);
			path = Location;
			sourceTree = "<group>";
		};
		A2FDA2A52A8D25730052B5B0 /* View */ = {
			isa = PBXGroup;
			children = (
				A2FDA2A62A8D25A10052B5B0 /* LocationView.swift */,
			);
			path = View;
			sourceTree = "<group>";
		};
		A2FDA2AB2A8E24810052B5B0 /* Services */ = {
			isa = PBXGroup;
			children = (
				A2FDA2AD2A8E24B60052B5B0 /* LocationService.swift */,
			);
			path = Services;
			sourceTree = "<group>";
		};
/* End PBXGroup section */

/* Begin PBXNativeTarget section */
		A22C49B92A8A59B600873016 /* RestaurantFinder */ = {
			isa = PBXNativeTarget;
			buildConfigurationList = A22C49CE2A8A59BA00873016 /* Build configuration list for PBXNativeTarget "RestaurantFinder" */;
			buildPhases = (
				A22C49B62A8A59B600873016 /* Sources */,
				A22C49B72A8A59B600873016 /* Frameworks */,
				A22C49B82A8A59B600873016 /* Resources */,
			);
			buildRules = (
			);
			dependencies = (
			);
			name = RestaurantFinder;
			productName = RestaurantFinder;
			productReference = A22C49BA2A8A59B600873016 /* RestaurantFinder.app */;
			productType = "com.apple.product-type.application";
		};
/* End PBXNativeTarget section */

/* Begin PBXProject section */
		A22C49B22A8A59B600873016 /* Project object */ = {
			isa = PBXProject;
			attributes = {
				BuildIndependentTargetsInParallel = 1;
				LastSwiftUpdateCheck = 1430;
				LastUpgradeCheck = 1430;
				TargetAttributes = {
					A22C49B92A8A59B600873016 = {
						CreatedOnToolsVersion = 14.3.1;
					};
				};
			};
			buildConfigurationList = A22C49B52A8A59B600873016 /* Build configuration list for PBXProject "RestaurantFinder" */;
			compatibilityVersion = "Xcode 14.0";
			developmentRegion = en;
			hasScannedForEncodings = 0;
			knownRegions = (
				en,
				Base,
			);
			mainGroup = A22C49B12A8A59B600873016;
			productRefGroup = A22C49BB2A8A59B600873016 /* Products */;
			projectDirPath = "";
			projectRoot = "";
			targets = (
				A22C49B92A8A59B600873016 /* RestaurantFinder */,
			);
		};
/* End PBXProject section */

/* Begin PBXResourcesBuildPhase section */
		A22C49B82A8A59B600873016 /* Resources */ = {
			isa = PBXResourcesBuildPhase;
			buildActionMask = 2147483647;
			files = (
				A22C49CA2A8A59BA00873016 /* LaunchScreen.storyboard in Resources */,
				A22C49C72A8A59BA00873016 /* Assets.xcassets in Resources */,
				A22C49C52A8A59B600873016 /* Main.storyboard in Resources */,
			);
			runOnlyForDeploymentPostprocessing = 0;
		};
/* End PBXResourcesBuildPhase section */

/* Begin PBXSourcesBuildPhase section */
		A22C49B62A8A59B600873016 /* Sources */ = {
			isa = PBXSourcesBuildPhase;
			buildActionMask = 2147483647;
			files = (
				A22C49C22A8A59B600873016 /* ViewController.swift in Sources */,
				A2FDA2992A8CE6E20052B5B0 /* CoreView.swift in Sources */,
				A2FDA2A12A8D240D0052B5B0 /* RestaurantTableViewController.swift in Sources */,
				A22C49BE2A8A59B600873016 /* AppDelegate.swift in Sources */,
				A2FDA2A32A8D24880052B5B0 /* RestaurantTableViewCell.swift in Sources */,
				A2FDA2A92A8D26A40052B5B0 /* LocationViewController.swift in Sources */,
				A2FDA2AE2A8E24B60052B5B0 /* LocationService.swift in Sources */,
				A2FDA29D2A8D232F0052B5B0 /* FoodDetailViewController.swift in Sources */,
				A22C49C02A8A59B600873016 /* SceneDelegate.swift in Sources */,
				A2FDA2A72A8D25A10052B5B0 /* LocationView.swift in Sources */,
				A2FDA29B2A8CE6FD0052B5B0 /* FoodDetailView.swift in Sources */,
			);
			runOnlyForDeploymentPostprocessing = 0;
		};
/* End PBXSourcesBuildPhase section */

/* Begin PBXVariantGroup section */
		A22C49C32A8A59B600873016 /* Main.storyboard */ = {
			isa = PBXVariantGroup;
			children = (
				A22C49C42A8A59B600873016 /* Base */,
			);
			name = Main.storyboard;
			sourceTree = "<group>";
		};
		A22C49C82A8A59BA00873016 /* LaunchScreen.storyboard */ = {
			isa = PBXVariantGroup;
			children = (
				A22C49C92A8A59BA00873016 /* Base */,
			);
			name = LaunchScreen.storyboard;
			sourceTree = "<group>";
		};
/* End PBXVariantGroup section */

/* Begin XCBuildConfiguration section */
		A22C49CC2A8A59BA00873016 /* Debug */ = {
			isa = XCBuildConfiguration;
			buildSettings = {
				ALWAYS_SEARCH_USER_PATHS = NO;
				CLANG_ANALYZER_NONNULL = YES;
				CLANG_ANALYZER_NUMBER_OBJECT_CONVERSION = YES_AGGRESSIVE;
				CLANG_CXX_LANGUAGE_STANDARD = "gnu++20";
				CLANG_ENABLE_MODULES = YES;
				CLANG_ENABLE_OBJC_ARC = YES;
				CLANG_ENABLE_OBJC_WEAK = YES;
				CLANG_WARN_BLOCK_CAPTURE_AUTORELEASING = YES;
				CLANG_WARN_BOOL_CONVERSION = YES;
				CLANG_WARN_COMMA = YES;
				CLANG_WARN_CONSTANT_CONVERSION = YES;
				CLANG_WARN_DEPRECATED_OBJC_IMPLEMENTATIONS = YES;
				CLANG_WARN_DIRECT_OBJC_ISA_USAGE = YES_ERROR;
				CLANG_WARN_DOCUMENTATION_COMMENTS = YES;
				CLANG_WARN_EMPTY_BODY = YES;
				CLANG_WARN_ENUM_CONVERSION = YES;
				CLANG_WARN_INFINITE_RECURSION = YES;
				CLANG_WARN_INT_CONVERSION = YES;
				CLANG_WARN_NON_LITERAL_NULL_CONVERSION = YES;
				CLANG_WARN_OBJC_IMPLICIT_RETAIN_SELF = YES;
				CLANG_WARN_OBJC_LITERAL_CONVERSION = YES;
				CLANG_WARN_OBJC_ROOT_CLASS = YES_ERROR;
				CLANG_WARN_QUOTED_INCLUDE_IN_FRAMEWORK_HEADER = YES;
				CLANG_WARN_RANGE_LOOP_ANALYSIS = YES;
				CLANG_WARN_STRICT_PROTOTYPES = YES;
				CLANG_WARN_SUSPICIOUS_MOVE = YES;
				CLANG_WARN_UNGUARDED_AVAILABILITY = YES_AGGRESSIVE;
				CLANG_WARN_UNREACHABLE_CODE = YES;
				CLANG_WARN__DUPLICATE_METHOD_MATCH = YES;
				COPY_PHASE_STRIP = NO;
				DEBUG_INFORMATION_FORMAT = dwarf;
				ENABLE_STRICT_OBJC_MSGSEND = YES;
				ENABLE_TESTABILITY = YES;
				GCC_C_LANGUAGE_STANDARD = gnu11;
				GCC_DYNAMIC_NO_PIC = NO;
				GCC_NO_COMMON_BLOCKS = YES;
				GCC_OPTIMIZATION_LEVEL = 0;
				GCC_PREPROCESSOR_DEFINITIONS = (
					"DEBUG=1",
					"$(inherited)",
				);
				GCC_WARN_64_TO_32_BIT_CONVERSION = YES;
				GCC_WARN_ABOUT_RETURN_TYPE = YES_ERROR;
				GCC_WARN_UNDECLARED_SELECTOR = YES;
				GCC_WARN_UNINITIALIZED_AUTOS = YES_AGGRESSIVE;
				GCC_WARN_UNUSED_FUNCTION = YES;
				GCC_WARN_UNUSED_VARIABLE = YES;
				IPHONEOS_DEPLOYMENT_TARGET = 16.4;
				MTL_ENABLE_DEBUG_INFO = INCLUDE_SOURCE;
				MTL_FAST_MATH = YES;
				ONLY_ACTIVE_ARCH = YES;
				SDKROOT = iphoneos;
				SWIFT_ACTIVE_COMPILATION_CONDITIONS = DEBUG;
				SWIFT_OPTIMIZATION_LEVEL = "-Onone";
			};
			name = Debug;
		};
		A22C49CD2A8A59BA00873016 /* Release */ = {
			isa = XCBuildConfiguration;
			buildSettings = {
				ALWAYS_SEARCH_USER_PATHS = NO;
				CLANG_ANALYZER_NONNULL = YES;
				CLANG_ANALYZER_NUMBER_OBJECT_CONVERSION = YES_AGGRESSIVE;
				CLANG_CXX_LANGUAGE_STANDARD = "gnu++20";
				CLANG_ENABLE_MODULES = YES;
				CLANG_ENABLE_OBJC_ARC = YES;
				CLANG_ENABLE_OBJC_WEAK = YES;
				CLANG_WARN_BLOCK_CAPTURE_AUTORELEASING = YES;
				CLANG_WARN_BOOL_CONVERSION = YES;
				CLANG_WARN_COMMA = YES;
				CLANG_WARN_CONSTANT_CONVERSION = YES;
				CLANG_WARN_DEPRECATED_OBJC_IMPLEMENTATIONS = YES;
				CLANG_WARN_DIRECT_OBJC_ISA_USAGE = YES_ERROR;
				CLANG_WARN_DOCUMENTATION_COMMENTS = YES;
				CLANG_WARN_EMPTY_BODY = YES;
				CLANG_WARN_ENUM_CONVERSION = YES;
				CLANG_WARN_INFINITE_RECURSION = YES;
				CLANG_WARN_INT_CONVERSION = YES;
				CLANG_WARN_NON_LITERAL_NULL_CONVERSION = YES;
				CLANG_WARN_OBJC_IMPLICIT_RETAIN_SELF = YES;
				CLANG_WARN_OBJC_LITERAL_CONVERSION = YES;
				CLANG_WARN_OBJC_ROOT_CLASS = YES_ERROR;
				CLANG_WARN_QUOTED_INCLUDE_IN_FRAMEWORK_HEADER = YES;
				CLANG_WARN_RANGE_LOOP_ANALYSIS = YES;
				CLANG_WARN_STRICT_PROTOTYPES = YES;
				CLANG_WARN_SUSPICIOUS_MOVE = YES;
				CLANG_WARN_UNGUARDED_AVAILABILITY = YES_AGGRESSIVE;
				CLANG_WARN_UNREACHABLE_CODE = YES;
				CLANG_WARN__DUPLICATE_METHOD_MATCH = YES;
				COPY_PHASE_STRIP = NO;
				DEBUG_INFORMATION_FORMAT = "dwarf-with-dsym";
				ENABLE_NS_ASSERTIONS = NO;
				ENABLE_STRICT_OBJC_MSGSEND = YES;
				GCC_C_LANGUAGE_STANDARD = gnu11;
				GCC_NO_COMMON_BLOCKS = YES;
				GCC_WARN_64_TO_32_BIT_CONVERSION = YES;
				GCC_WARN_ABOUT_RETURN_TYPE = YES_ERROR;
				GCC_WARN_UNDECLARED_SELECTOR = YES;
				GCC_WARN_UNINITIALIZED_AUTOS = YES_AGGRESSIVE;
				GCC_WARN_UNUSED_FUNCTION = YES;
				GCC_WARN_UNUSED_VARIABLE = YES;
				IPHONEOS_DEPLOYMENT_TARGET = 16.4;
				MTL_ENABLE_DEBUG_INFO = NO;
				MTL_FAST_MATH = YES;
				SDKROOT = iphoneos;
				SWIFT_COMPILATION_MODE = wholemodule;
				SWIFT_OPTIMIZATION_LEVEL = "-O";
				VALIDATE_PRODUCT = YES;
			};
			name = Release;
		};
		A22C49CF2A8A59BA00873016 /* Debug */ = {
			isa = XCBuildConfiguration;
			buildSettings = {
				ASSETCATALOG_COMPILER_APPICON_NAME = AppIcon;
				ASSETCATALOG_COMPILER_GLOBAL_ACCENT_COLOR_NAME = AccentColor;
				CODE_SIGN_STYLE = Automatic;
				CURRENT_PROJECT_VERSION = 1;
				GENERATE_INFOPLIST_FILE = YES;
				INFOPLIST_FILE = RestaurantFinder/Info.plist;
				INFOPLIST_KEY_UIApplicationSupportsIndirectInputEvents = YES;
				INFOPLIST_KEY_UILaunchStoryboardName = LaunchScreen;
				INFOPLIST_KEY_UIMainStoryboardFile = Main;
				INFOPLIST_KEY_UISupportedInterfaceOrientations_iPad = "UIInterfaceOrientationPortrait UIInterfaceOrientationPortraitUpsideDown UIInterfaceOrientationLandscapeLeft UIInterfaceOrientationLandscapeRight";
				INFOPLIST_KEY_UISupportedInterfaceOrientations_iPhone = "UIInterfaceOrientationPortrait UIInterfaceOrientationLandscapeLeft UIInterfaceOrientationLandscapeRight";
				LD_RUNPATH_SEARCH_PATHS = (
					"$(inherited)",
					"@executable_path/Frameworks",
				);
				MARKETING_VERSION = 1.0;
				PRODUCT_BUNDLE_IDENTIFIER = deneme.RestaurantFinder;
				PRODUCT_NAME = "$(TARGET_NAME)";
				SWIFT_EMIT_LOC_STRINGS = YES;
				SWIFT_VERSION = 5.0;
				TARGETED_DEVICE_FAMILY = "1,2";
			};
			name = Debug;
		};
		A22C49D02A8A59BA00873016 /* Release */ = {
			isa = XCBuildConfiguration;
			buildSettings = {
				ASSETCATALOG_COMPILER_APPICON_NAME = AppIcon;
				ASSETCATALOG_COMPILER_GLOBAL_ACCENT_COLOR_NAME = AccentColor;
				CODE_SIGN_STYLE = Automatic;
				CURRENT_PROJECT_VERSION = 1;
				GENERATE_INFOPLIST_FILE = YES;
				INFOPLIST_FILE = RestaurantFinder/Info.plist;
				INFOPLIST_KEY_UIApplicationSupportsIndirectInputEvents = YES;
				INFOPLIST_KEY_UILaunchStoryboardName = LaunchScreen;
				INFOPLIST_KEY_UIMainStoryboardFile = Main;
				INFOPLIST_KEY_UISupportedInterfaceOrientations_iPad = "UIInterfaceOrientationPortrait UIInterfaceOrientationPortraitUpsideDown UIInterfaceOrientationLandscapeLeft UIInterfaceOrientationLandscapeRight";
				INFOPLIST_KEY_UISupportedInterfaceOrientations_iPhone = "UIInterfaceOrientationPortrait UIInterfaceOrientationLandscapeLeft UIInterfaceOrientationLandscapeRight";
				LD_RUNPATH_SEARCH_PATHS = (
					"$(inherited)",
					"@executable_path/Frameworks",
				);
				MARKETING_VERSION = 1.0;
				PRODUCT_BUNDLE_IDENTIFIER = deneme.RestaurantFinder;
				PRODUCT_NAME = "$(TARGET_NAME)";
				SWIFT_EMIT_LOC_STRINGS = YES;
				SWIFT_VERSION = 5.0;
				TARGETED_DEVICE_FAMILY = "1,2";
			};
			name = Release;
		};
/* End XCBuildConfiguration section */

/* Begin XCConfigurationList section */
		A22C49B52A8A59B600873016 /* Build configuration list for PBXProject "RestaurantFinder" */ = {
			isa = XCConfigurationList;
			buildConfigurations = (
				A22C49CC2A8A59BA00873016 /* Debug */,
				A22C49CD2A8A59BA00873016 /* Release */,
			);
			defaultConfigurationIsVisible = 0;
			defaultConfigurationName = Release;
		};
		A22C49CE2A8A59BA00873016 /* Build configuration list for PBXNativeTarget "RestaurantFinder" */ = {
			isa = XCConfigurationList;
			buildConfigurations = (
				A22C49CF2A8A59BA00873016 /* Debug */,
				A22C49D02A8A59BA00873016 /* Release */,
			);
			defaultConfigurationIsVisible = 0;
			defaultConfigurationName = Release;
		};
/* End XCConfigurationList section */
	};
	rootObject = A22C49B22A8A59B600873016 /* Project object */;
}
